
Microsoft Visual Studio Solution File, Format Version 12.00
# Visual Studio 15
VisualStudioVersion = 15.0.28010.2026
MinimumVisualStudioVersion = 10.0.40219.1
Project("{8BC9CEB8-8B4A-11D0-8D11-00A0C91BC942}") = "task2", "task2\task2.vcxproj", "{FA6318EE-940D-4D18-8840-FC0C5754CC61}"
EndProject
Global
	GlobalSection(SolutionConfigurationPlatforms) = preSolution
		Debug|x64 = Debug|x64
		Debug|x86 = Debug|x86
		Release|x64 = Release|x64
		Release|x86 = Release|x86
	EndGlobalSection
	GlobalSection(ProjectConfigurationPlatforms) = postSolution
		{FA6318EE-940D-4D18-8840-FC0C5754CC61}.Debug|x64.ActiveCfg = Debug|x64
		{FA6318EE-940D-4D18-8840-FC0C5754CC61}.Debug|x64.Build.0 = Debug|x64
		{FA6318EE-940D-4D18-8840-FC0C5754CC61}.Debug|x86.ActiveCfg = Debug|Win32
		{FA6318EE-940D-4D18-8840-FC0C5754CC61}.Debug|x86.Build.0 = Debug|Win32
		{FA6318EE-940D-4D18-8840-FC0C5754CC61}.Release|x64.ActiveCfg = Release|x64
		{FA6318EE-940D-4D18-8840-FC0C5754CC61}.Release|x64.Build.0 = Release|x64
		{FA6318EE-940D-4D18-8840-FC0C5754CC61}.Release|x86.ActiveCfg = Release|Win32
		{FA6318EE-940D-4D18-8840-FC0C5754CC61}.Release|x86.Build.0 = Release|Win32
	EndGlobalSection
	GlobalSection(SolutionProperties) = preSolution
		HideSolutionNode = FALSE
	EndGlobalSection
	GlobalSection(ExtensibilityGlobals) = postSolution
		SolutionGuid = {7988E773-6BCF-4D4F-A833-15482152C949}
	EndGlobalSection
EndGlobal
